
Microsoft Visual Studio Solution File, Format Version 12.00
# Visual Studio Version 16
VisualStudioVersion = 16.0.29905.134
MinimumVisualStudioVersion = 10.0.40219.1
Project("{9A19103F-16F7-4668-BE54-9A1E7A4F7556}") = "Covid19TemperatureAPI", "Covid19TemperatureAPI\Covid19TemperatureAPI.csproj", "{09853EC3-1D15-4ACA-B828-4952411B9856}"
EndProject
Project("{FAE04EC0-301F-11D3-BF4B-00C04F79EFBC}") = "Covid19TemperatureAPI.Entities", "Covid19TemperatureAPI.Entities\Covid19TemperatureAPI.Entities.csproj", "{541CFA9A-CEC9-4742-A8B4-FB4361B59A4A}"
EndProject
Global
	GlobalSection(SolutionConfigurationPlatforms) = preSolution
		Debug|Any CPU = Debug|Any CPU
		Release|Any CPU = Release|Any CPU
	EndGlobalSection
	GlobalSection(ProjectConfigurationPlatforms) = postSolution
		{09853EC3-1D15-4ACA-B828-4952411B9856}.Debug|Any CPU.ActiveCfg = Debug|Any CPU
		{09853EC3-1D15-4ACA-B828-4952411B9856}.Debug|Any CPU.Build.0 = Debug|Any CPU
		{09853EC3-1D15-4ACA-B828-4952411B9856}.Release|Any CPU.ActiveCfg = Release|Any CPU
		{09853EC3-1D15-4ACA-B828-4952411B9856}.Release|Any CPU.Build.0 = Release|Any CPU
		{541CFA9A-CEC9-4742-A8B4-FB4361B59A4A}.Debug|Any CPU.ActiveCfg = Debug|Any CPU
		{541CFA9A-CEC9-4742-A8B4-FB4361B59A4A}.Debug|Any CPU.Build.0 = Debug|Any CPU
		{541CFA9A-CEC9-4742-A8B4-FB4361B59A4A}.Release|Any CPU.ActiveCfg = Release|Any CPU
		{541CFA9A-CEC9-4742-A8B4-FB4361B59A4A}.Release|Any CPU.Build.0 = Release|Any CPU
	EndGlobalSection
	GlobalSection(SolutionProperties) = preSolution
		HideSolutionNode = FALSE
	EndGlobalSection
	GlobalSection(ExtensibilityGlobals) = postSolution
		SolutionGuid = {D5B4EDFF-6E1C-4CB0-B57E-5B0E9B166824}
	EndGlobalSection
EndGlobal
